
Microsoft Visual Studio Solution File, Format Version 12.00
# Visual Studio Version 16
VisualStudioVersion = 16.0.30413.136
MinimumVisualStudioVersion = 10.0.40219.1
Project("{FAE04EC0-301F-11D3-BF4B-00C04F79EFBC}") = "ChessApp", "ChessApp\ChessApp.csproj", "{141FCD19-25E5-4512-B876-B0267EBF512F}"
EndProject
Global
	GlobalSection(SolutionConfigurationPlatforms) = preSolution
		Debug|Any CPU = Debug|Any CPU
		Release|Any CPU = Release|Any CPU
	EndGlobalSection
	GlobalSection(ProjectConfigurationPlatforms) = postSolution
		{141FCD19-25E5-4512-B876-B0267EBF512F}.Debug|Any CPU.ActiveCfg = Debug|Any CPU
		{141FCD19-25E5-4512-B876-B0267EBF512F}.Debug|Any CPU.Build.0 = Debug|Any CPU
		{141FCD19-25E5-4512-B876-B0267EBF512F}.Release|Any CPU.ActiveCfg = Release|Any CPU
		{141FCD19-25E5-4512-B876-B0267EBF512F}.Release|Any CPU.Build.0 = Release|Any CPU
	EndGlobalSection
	GlobalSection(SolutionProperties) = preSolution
		HideSolutionNode = FALSE
	EndGlobalSection
	GlobalSection(ExtensibilityGlobals) = postSolution
		SolutionGuid = {2D89FDA0-99CD-40A4-97F1-F89BEECD1569}
	EndGlobalSection
EndGlobal
