
Microsoft Visual Studio Solution File, Format Version 12.00
# Visual Studio Version 16
VisualStudioVersion = 16.0.30413.136
MinimumVisualStudioVersion = 10.0.40219.1
Project("{FAE04EC0-301F-11D3-BF4B-00C04F79EFBC}") = "WordsApp", "WordsApp\WordsApp.csproj", "{C8FA0EE5-08EF-4824-9B8F-8F61F378445D}"
EndProject
Global
	GlobalSection(SolutionConfigurationPlatforms) = preSolution
		Debug|Any CPU = Debug|Any CPU
		Release|Any CPU = Release|Any CPU
	EndGlobalSection
	GlobalSection(ProjectConfigurationPlatforms) = postSolution
		{C8FA0EE5-08EF-4824-9B8F-8F61F378445D}.Debug|Any CPU.ActiveCfg = Debug|Any CPU
		{C8FA0EE5-08EF-4824-9B8F-8F61F378445D}.Debug|Any CPU.Build.0 = Debug|Any CPU
		{C8FA0EE5-08EF-4824-9B8F-8F61F378445D}.Release|Any CPU.ActiveCfg = Release|Any CPU
		{C8FA0EE5-08EF-4824-9B8F-8F61F378445D}.Release|Any CPU.Build.0 = Release|Any CPU
	EndGlobalSection
	GlobalSection(SolutionProperties) = preSolution
		HideSolutionNode = FALSE
	EndGlobalSection
	GlobalSection(ExtensibilityGlobals) = postSolution
		SolutionGuid = {7D3573E8-AB1A-41E0-BCE0-3B1A19EE2EB7}
	EndGlobalSection
EndGlobal
